
Microsoft Visual Studio Solution File, Format Version 12.00
# Visual Studio Version 17
VisualStudioVersion = 17.10.35122.118
MinimumVisualStudioVersion = 10.0.40219.1
Project("{FAE04EC0-301F-11D3-BF4B-00C04F79EFBC}") = "DOD", "DOD.csproj", "{498655DC-17F8-4AAF-BFED-15B90D8F7D05}"
EndProject
Global
	GlobalSection(SolutionConfigurationPlatforms) = preSolution
		Debug|Any CPU = Debug|Any CPU
		Release|Any CPU = Release|Any CPU
	EndGlobalSection
	GlobalSection(ProjectConfigurationPlatforms) = postSolution
		{498655DC-17F8-4AAF-BFED-15B90D8F7D05}.Debug|Any CPU.ActiveCfg = Debug|Any CPU
		{498655DC-17F8-4AAF-BFED-15B90D8F7D05}.Debug|Any CPU.Build.0 = Debug|Any CPU
		{498655DC-17F8-4AAF-BFED-15B90D8F7D05}.Release|Any CPU.ActiveCfg = Release|Any CPU
		{498655DC-17F8-4AAF-BFED-15B90D8F7D05}.Release|Any CPU.Build.0 = Release|Any CPU
	EndGlobalSection
	GlobalSection(SolutionProperties) = preSolution
		HideSolutionNode = FALSE
	EndGlobalSection
	GlobalSection(ExtensibilityGlobals) = postSolution
		SolutionGuid = {3F6BD39F-C877-4C3A-909E-99E6E38392AE}
	EndGlobalSection
EndGlobal
